
Microsoft Visual Studio Solution File, Format Version 12.00
# Visual Studio Version 17
VisualStudioVersion = 17.11.35222.181
MinimumVisualStudioVersion = 10.0.40219.1
Project("{9A19103F-16F7-4668-BE54-9A1E7A4F7556}") = "CapturedMoments", "CapturedMoments\CapturedMoments.csproj", "{4FDB8E10-6CC9-460D-AB7A-2F45E48CE5E9}"
EndProject
Global
	GlobalSection(SolutionConfigurationPlatforms) = preSolution
		Debug|Any CPU = Debug|Any CPU
		Release|Any CPU = Release|Any CPU
	EndGlobalSection
	GlobalSection(ProjectConfigurationPlatforms) = postSolution
		{4FDB8E10-6CC9-460D-AB7A-2F45E48CE5E9}.Debug|Any CPU.ActiveCfg = Debug|Any CPU
		{4FDB8E10-6CC9-460D-AB7A-2F45E48CE5E9}.Debug|Any CPU.Build.0 = Debug|Any CPU
		{4FDB8E10-6CC9-460D-AB7A-2F45E48CE5E9}.Release|Any CPU.ActiveCfg = Release|Any CPU
		{4FDB8E10-6CC9-460D-AB7A-2F45E48CE5E9}.Release|Any CPU.Build.0 = Release|Any CPU
	EndGlobalSection
	GlobalSection(SolutionProperties) = preSolution
		HideSolutionNode = FALSE
	EndGlobalSection
	GlobalSection(ExtensibilityGlobals) = postSolution
		SolutionGuid = {4531EF62-8AA0-4A8C-8F54-CD1DCD0CA28B}
	EndGlobalSection
EndGlobal
